
Microsoft Visual Studio Solution File, Format Version 12.00
# Visual Studio 15
VisualStudioVersion = 15.0.27130.2010
MinimumVisualStudioVersion = 10.0.40219.1
Project("{FAE04EC0-301F-11D3-BF4B-00C04F79EFBC}") = "ToDoList", "ToDoList\ToDoList.csproj", "{F2C4C266-076A-4C4A-BA7A-2F7814F04027}"
EndProject
Global
	GlobalSection(SolutionConfigurationPlatforms) = preSolution
		Debug|Any CPU = Debug|Any CPU
		Release|Any CPU = Release|Any CPU
	EndGlobalSection
	GlobalSection(ProjectConfigurationPlatforms) = postSolution
		{F2C4C266-076A-4C4A-BA7A-2F7814F04027}.Debug|Any CPU.ActiveCfg = Debug|Any CPU
		{F2C4C266-076A-4C4A-BA7A-2F7814F04027}.Debug|Any CPU.Build.0 = Debug|Any CPU
		{F2C4C266-076A-4C4A-BA7A-2F7814F04027}.Release|Any CPU.ActiveCfg = Release|Any CPU
		{F2C4C266-076A-4C4A-BA7A-2F7814F04027}.Release|Any CPU.Build.0 = Release|Any CPU
	EndGlobalSection
	GlobalSection(SolutionProperties) = preSolution
		HideSolutionNode = FALSE
	EndGlobalSection
	GlobalSection(ExtensibilityGlobals) = postSolution
		SolutionGuid = {386D2AC4-9EA2-4298-A432-80B6A09A4339}
	EndGlobalSection
EndGlobal
